
Microsoft Visual Studio Solution File, Format Version 12.00
# Visual Studio Version 17
VisualStudioVersion = 17.11.35303.130
MinimumVisualStudioVersion = 10.0.40219.1
Project("{FAE04EC0-301F-11D3-BF4B-00C04F79EFBC}") = "Software.Server", "Software.Server\Software.Server.csproj", "{13065522-7BCC-40A6-BA12-27B619E2DA73}"
EndProject
Project("{54A90642-561A-4BB1-A94E-469ADEE60C69}") = "software.client", "software.client\software.client.esproj", "{F80AD3A5-3F01-4FA9-AF8F-5FCF14119F9E}"
EndProject
Global
	GlobalSection(SolutionConfigurationPlatforms) = preSolution
		Debug|Any CPU = Debug|Any CPU
		Release|Any CPU = Release|Any CPU
	EndGlobalSection
	GlobalSection(ProjectConfigurationPlatforms) = postSolution
		{13065522-7BCC-40A6-BA12-27B619E2DA73}.Debug|Any CPU.ActiveCfg = Debug|Any CPU
		{13065522-7BCC-40A6-BA12-27B619E2DA73}.Debug|Any CPU.Build.0 = Debug|Any CPU
		{13065522-7BCC-40A6-BA12-27B619E2DA73}.Release|Any CPU.ActiveCfg = Release|Any CPU
		{13065522-7BCC-40A6-BA12-27B619E2DA73}.Release|Any CPU.Build.0 = Release|Any CPU
		{F80AD3A5-3F01-4FA9-AF8F-5FCF14119F9E}.Debug|Any CPU.ActiveCfg = Debug|Any CPU
		{F80AD3A5-3F01-4FA9-AF8F-5FCF14119F9E}.Debug|Any CPU.Build.0 = Debug|Any CPU
		{F80AD3A5-3F01-4FA9-AF8F-5FCF14119F9E}.Debug|Any CPU.Deploy.0 = Debug|Any CPU
		{F80AD3A5-3F01-4FA9-AF8F-5FCF14119F9E}.Release|Any CPU.ActiveCfg = Release|Any CPU
		{F80AD3A5-3F01-4FA9-AF8F-5FCF14119F9E}.Release|Any CPU.Build.0 = Release|Any CPU
		{F80AD3A5-3F01-4FA9-AF8F-5FCF14119F9E}.Release|Any CPU.Deploy.0 = Release|Any CPU
	EndGlobalSection
	GlobalSection(SolutionProperties) = preSolution
		HideSolutionNode = FALSE
	EndGlobalSection
	GlobalSection(ExtensibilityGlobals) = postSolution
		SolutionGuid = {A0BF26E8-9131-447B-B450-EED8022CB265}
	EndGlobalSection
EndGlobal
